
Microsoft Visual Studio Solution File, Format Version 12.00
# Visual Studio 15
VisualStudioVersion = 15.0.27130.2010
MinimumVisualStudioVersion = 10.0.40219.1
Project("{9A19103F-16F7-4668-BE54-9A1E7A4F7556}") = "FiiOnline", "FiiOnline\FiiOnline.csproj", "{B228805F-9E70-4168-8435-2C9AC375CCF2}"
EndProject
Project("{2150E333-8FDC-42A3-9474-1A3956D46DE8}") = "01-Data", "01-Data", "{A6A0C61F-47FF-4F13-A39A-93CA4098A23A}"
EndProject
Project("{9A19103F-16F7-4668-BE54-9A1E7A4F7556}") = "Data.Domain", "Data.Domain\Data.Domain.csproj", "{6A9CA2C1-7F12-4BFA-BF9C-ED7C806C298C}"
EndProject
Project("{9A19103F-16F7-4668-BE54-9A1E7A4F7556}") = "Data.Persistence", "Data.Persistence\Data.Persistence.csproj", "{90481FA2-EE03-4C91-964B-610F5AC54DC0}"
EndProject
Project("{2150E333-8FDC-42A3-9474-1A3956D46DE8}") = "02-Business", "02-Business", "{C9B94776-B721-4A56-B967-452E35114C0D}"
EndProject
Project("{9A19103F-16F7-4668-BE54-9A1E7A4F7556}") = "Business.Repositories", "Repositories\Business.Repositories.csproj", "{C00E5963-4F4D-4980-B4F2-1EB12F6B7AA4}"
EndProject
Project("{9A19103F-16F7-4668-BE54-9A1E7A4F7556}") = "Business.Services", "Business.Services\Business.Services.csproj", "{DE4D0C2A-9C48-4349-B218-14A984409B71}"
EndProject
Project("{2150E333-8FDC-42A3-9474-1A3956D46DE8}") = "03-Presentation", "03-Presentation", "{269AF170-6DD7-4A01-A92F-399DD017C9A2}"
EndProject
Project("{2150E333-8FDC-42A3-9474-1A3956D46DE8}") = "04-Tests", "04-Tests", "{753A4A3F-95C3-475B-B68C-4AA4BDCFC9DC}"
EndProject
Project("{2150E333-8FDC-42A3-9474-1A3956D46DE8}") = "06-CreatingModels", "06-CreatingModels", "{15604548-7148-473D-A585-BAD7995F3EE9}"
EndProject
Project("{9A19103F-16F7-4668-BE54-9A1E7A4F7556}") = "CreatingModels", "CreatingModels\CreatingModels.csproj", "{E02F386D-6FFB-4F9B-AB89-21C477F1C518}"
EndProject
Project("{2150E333-8FDC-42A3-9474-1A3956D46DE8}") = "05-DTOs", "05-DTOs", "{69952F1E-D6F9-4DE2-B197-A9C186ABADA7}"
EndProject
Project("{FAE04EC0-301F-11D3-BF4B-00C04F79EFBC}") = "DTOs", "DTOs\DTOs.csproj", "{A6A4EE33-62E4-4E4F-BDD4-655C4C76580F}"
EndProject
Global
	GlobalSection(SolutionConfigurationPlatforms) = preSolution
		Debug|Any CPU = Debug|Any CPU
		Release|Any CPU = Release|Any CPU
	EndGlobalSection
	GlobalSection(ProjectConfigurationPlatforms) = postSolution
		{B228805F-9E70-4168-8435-2C9AC375CCF2}.Debug|Any CPU.ActiveCfg = Debug|Any CPU
		{B228805F-9E70-4168-8435-2C9AC375CCF2}.Debug|Any CPU.Build.0 = Debug|Any CPU
		{B228805F-9E70-4168-8435-2C9AC375CCF2}.Release|Any CPU.ActiveCfg = Release|Any CPU
		{B228805F-9E70-4168-8435-2C9AC375CCF2}.Release|Any CPU.Build.0 = Release|Any CPU
		{6A9CA2C1-7F12-4BFA-BF9C-ED7C806C298C}.Debug|Any CPU.ActiveCfg = Debug|Any CPU
		{6A9CA2C1-7F12-4BFA-BF9C-ED7C806C298C}.Debug|Any CPU.Build.0 = Debug|Any CPU
		{6A9CA2C1-7F12-4BFA-BF9C-ED7C806C298C}.Release|Any CPU.ActiveCfg = Release|Any CPU
		{6A9CA2C1-7F12-4BFA-BF9C-ED7C806C298C}.Release|Any CPU.Build.0 = Release|Any CPU
		{90481FA2-EE03-4C91-964B-610F5AC54DC0}.Debug|Any CPU.ActiveCfg = Debug|Any CPU
		{90481FA2-EE03-4C91-964B-610F5AC54DC0}.Debug|Any CPU.Build.0 = Debug|Any CPU
		{90481FA2-EE03-4C91-964B-610F5AC54DC0}.Release|Any CPU.ActiveCfg = Release|Any CPU
		{90481FA2-EE03-4C91-964B-610F5AC54DC0}.Release|Any CPU.Build.0 = Release|Any CPU
		{C00E5963-4F4D-4980-B4F2-1EB12F6B7AA4}.Debug|Any CPU.ActiveCfg = Debug|Any CPU
		{C00E5963-4F4D-4980-B4F2-1EB12F6B7AA4}.Debug|Any CPU.Build.0 = Debug|Any CPU
		{C00E5963-4F4D-4980-B4F2-1EB12F6B7AA4}.Release|Any CPU.ActiveCfg = Release|Any CPU
		{C00E5963-4F4D-4980-B4F2-1EB12F6B7AA4}.Release|Any CPU.Build.0 = Release|Any CPU
		{DE4D0C2A-9C48-4349-B218-14A984409B71}.Debug|Any CPU.ActiveCfg = Debug|Any CPU
		{DE4D0C2A-9C48-4349-B218-14A984409B71}.Debug|Any CPU.Build.0 = Debug|Any CPU
		{DE4D0C2A-9C48-4349-B218-14A984409B71}.Release|Any CPU.ActiveCfg = Release|Any CPU
		{DE4D0C2A-9C48-4349-B218-14A984409B71}.Release|Any CPU.Build.0 = Release|Any CPU
		{E02F386D-6FFB-4F9B-AB89-21C477F1C518}.Debug|Any CPU.ActiveCfg = Debug|Any CPU
		{E02F386D-6FFB-4F9B-AB89-21C477F1C518}.Debug|Any CPU.Build.0 = Debug|Any CPU
		{E02F386D-6FFB-4F9B-AB89-21C477F1C518}.Release|Any CPU.ActiveCfg = Release|Any CPU
		{E02F386D-6FFB-4F9B-AB89-21C477F1C518}.Release|Any CPU.Build.0 = Release|Any CPU
		{A6A4EE33-62E4-4E4F-BDD4-655C4C76580F}.Debug|Any CPU.ActiveCfg = Debug|Any CPU
		{A6A4EE33-62E4-4E4F-BDD4-655C4C76580F}.Debug|Any CPU.Build.0 = Debug|Any CPU
		{A6A4EE33-62E4-4E4F-BDD4-655C4C76580F}.Release|Any CPU.ActiveCfg = Release|Any CPU
		{A6A4EE33-62E4-4E4F-BDD4-655C4C76580F}.Release|Any CPU.Build.0 = Release|Any CPU
	EndGlobalSection
	GlobalSection(SolutionProperties) = preSolution
		HideSolutionNode = FALSE
	EndGlobalSection
	GlobalSection(NestedProjects) = preSolution
		{B228805F-9E70-4168-8435-2C9AC375CCF2} = {269AF170-6DD7-4A01-A92F-399DD017C9A2}
		{6A9CA2C1-7F12-4BFA-BF9C-ED7C806C298C} = {A6A0C61F-47FF-4F13-A39A-93CA4098A23A}
		{90481FA2-EE03-4C91-964B-610F5AC54DC0} = {A6A0C61F-47FF-4F13-A39A-93CA4098A23A}
		{C00E5963-4F4D-4980-B4F2-1EB12F6B7AA4} = {C9B94776-B721-4A56-B967-452E35114C0D}
		{DE4D0C2A-9C48-4349-B218-14A984409B71} = {C9B94776-B721-4A56-B967-452E35114C0D}
		{E02F386D-6FFB-4F9B-AB89-21C477F1C518} = {15604548-7148-473D-A585-BAD7995F3EE9}
		{A6A4EE33-62E4-4E4F-BDD4-655C4C76580F} = {69952F1E-D6F9-4DE2-B197-A9C186ABADA7}
	EndGlobalSection
	GlobalSection(ExtensibilityGlobals) = postSolution
		SolutionGuid = {D23DD912-E0A8-4BB2-80FD-BF6B4EA3E595}
	EndGlobalSection
EndGlobal
